# generated by rye
# use `rye lock` or `rye sync` to update this lockfile
#
# last locked with the following flags:
#   pre: false
#   features: []
#   all-features: false
#   with-sources: false
#   generate-hashes: false
#   universal: false

-e file:.
numpy==2.2.0
pandas==2.2.3
python-dateutil==2.9.0.post0
python-dotenv==1.0.1
pytz==2024.2
six==1.17.0
tzdata==2024.2
